
Microsoft Visual Studio Solution File, Format Version 12.00
# Visual Studio Version 17
VisualStudioVersion = 17.5.002.0
MinimumVisualStudioVersion = 10.0.40219.1
Project("{9A19103F-16F7-4668-BE54-9A1E7A4F7556}") = "propriedades-metodos-e-construtores", "propriedades-metodos-e-construtores.csproj", "{3E1C9759-B77F-4C00-BCBF-3413CD6E9A45}"
EndProject
Global
	GlobalSection(SolutionConfigurationPlatforms) = preSolution
		Debug|Any CPU = Debug|Any CPU
		Release|Any CPU = Release|Any CPU
	EndGlobalSection
	GlobalSection(ProjectConfigurationPlatforms) = postSolution
		{3E1C9759-B77F-4C00-BCBF-3413CD6E9A45}.Debug|Any CPU.ActiveCfg = Debug|Any CPU
		{3E1C9759-B77F-4C00-BCBF-3413CD6E9A45}.Debug|Any CPU.Build.0 = Debug|Any CPU
		{3E1C9759-B77F-4C00-BCBF-3413CD6E9A45}.Release|Any CPU.ActiveCfg = Release|Any CPU
		{3E1C9759-B77F-4C00-BCBF-3413CD6E9A45}.Release|Any CPU.Build.0 = Release|Any CPU
	EndGlobalSection
	GlobalSection(SolutionProperties) = preSolution
		HideSolutionNode = FALSE
	EndGlobalSection
	GlobalSection(ExtensibilityGlobals) = postSolution
		SolutionGuid = {87F86882-482F-4516-AC51-3069FEA6DEC0}
	EndGlobalSection
EndGlobal
